// !$*UTF8*$!
{
	archiveVersion = 1;
	classes = {
	};
	objectVersion = 46;
	objects = {

/* Begin PBXBuildFile section */
		CE4303631CCF30AC00F11C84 /* conveniences.swift in Sources */ = {isa = PBXBuildFile; fileRef = CE4303621CCF30AC00F11C84 /* conveniences.swift */; };
		CE498F1B1CC09D6300CE340C /* BeerggleScaleButton.swift in Sources */ = {isa = PBXBuildFile; fileRef = CE498F1A1CC09D6300CE340C /* BeerggleScaleButton.swift */; };
		CEB5C6041CBADC98008C46F6 /* AppDelegate.swift in Sources */ = {isa = PBXBuildFile; fileRef = CEB5C6031CBADC98008C46F6 /* AppDelegate.swift */; };
		CEB5C6061CBADC98008C46F6 /* ViewController.swift in Sources */ = {isa = PBXBuildFile; fileRef = CEB5C6051CBADC98008C46F6 /* ViewController.swift */; };
		CEB5C6091CBADC98008C46F6 /* Main.storyboard in Resources */ = {isa = PBXBuildFile; fileRef = CEB5C6071CBADC98008C46F6 /* Main.storyboard */; };
		CEB5C60B1CBADC98008C46F6 /* Assets.xcassets in Resources */ = {isa = PBXBuildFile; fileRef = CEB5C60A1CBADC98008C46F6 /* Assets.xcassets */; };
		CEB5C60E1CBADC98008C46F6 /* LaunchScreen.storyboard in Resources */ = {isa = PBXBuildFile; fileRef = CEB5C60C1CBADC98008C46F6 /* LaunchScreen.storyboard */; };
		CEB5C6191CBADC98008C46F6 /* beergglesTests.swift in Sources */ = {isa = PBXBuildFile; fileRef = CEB5C6181CBADC98008C46F6 /* beergglesTests.swift */; };
		CEB5C6241CBADC98008C46F6 /* beergglesUITests.swift in Sources */ = {isa = PBXBuildFile; fileRef = CEB5C6231CBADC98008C46F6 /* beergglesUITests.swift */; };
/* End PBXBuildFile section */

/* Begin PBXContainerItemProxy section */
		CEB5C6151CBADC98008C46F6 /* PBXContainerItemProxy */ = {
			isa = PBXContainerItemProxy;
			containerPortal = CEB5C5F81CBADC97008C46F6 /* Project object */;
			proxyType = 1;
			remoteGlobalIDString = CEB5C5FF1CBADC97008C46F6;
			remoteInfo = beerggles;
		};
		CEB5C6201CBADC98008C46F6 /* PBXContainerItemProxy */ = {
			isa = PBXContainerItemProxy;
			containerPortal = CEB5C5F81CBADC97008C46F6 /* Project object */;
			proxyType = 1;
			remoteGlobalIDString = CEB5C5FF1CBADC97008C46F6;
			remoteInfo = beerggles;
		};
/* End PBXContainerItemProxy section */

/* Begin PBXFileReference section */
		CE4303621CCF30AC00F11C84 /* conveniences.swift */ = {isa = PBXFileReference; fileEncoding = 4; lastKnownFileType = sourcecode.swift; path = conveniences.swift; sourceTree = "<group>"; };
		CE498F1A1CC09D6300CE340C /* BeerggleScaleButton.swift */ = {isa = PBXFileReference; fileEncoding = 4; lastKnownFileType = sourcecode.swift; path = BeerggleScaleButton.swift; sourceTree = "<group>"; };
		CEB5C6001CBADC97008C46F6 /* beerggles.app */ = {isa = PBXFileReference; explicitFileType = wrapper.application; includeInIndex = 0; path = beerggles.app; sourceTree = BUILT_PRODUCTS_DIR; };
		CEB5C6031CBADC98008C46F6 /* AppDelegate.swift */ = {isa = PBXFileReference; lastKnownFileType = sourcecode.swift; path = AppDelegate.swift; sourceTree = "<group>"; };
		CEB5C6051CBADC98008C46F6 /* ViewController.swift */ = {isa = PBXFileReference; lastKnownFileType = sourcecode.swift; path = ViewController.swift; sourceTree = "<group>"; };
		CEB5C6081CBADC98008C46F6 /* Base */ = {isa = PBXFileReference; lastKnownFileType = file.storyboard; name = Base; path = Base.lproj/Main.storyboard; sourceTree = "<group>"; };
		CEB5C60A1CBADC98008C46F6 /* Assets.xcassets */ = {isa = PBXFileReference; lastKnownFileType = folder.assetcatalog; path = Assets.xcassets; sourceTree = "<group>"; };
		CEB5C60D1CBADC98008C46F6 /* Base */ = {isa = PBXFileReference; lastKnownFileType = file.storyboard; name = Base; path = Base.lproj/LaunchScreen.storyboard; sourceTree = "<group>"; };
		CEB5C60F1CBADC98008C46F6 /* Info.plist */ = {isa = PBXFileReference; lastKnownFileType = text.plist.xml; path = Info.plist; sourceTree = "<group>"; };
		CEB5C6141CBADC98008C46F6 /* beergglesTests.xctest */ = {isa = PBXFileReference; explicitFileType = wrapper.cfbundle; includeInIndex = 0; path = beergglesTests.xctest; sourceTree = BUILT_PRODUCTS_DIR; };
		CEB5C6181CBADC98008C46F6 /* beergglesTests.swift */ = {isa = PBXFileReference; lastKnownFileType = sourcecode.swift; path = beergglesTests.swift; sourceTree = "<group>"; };
		CEB5C61A1CBADC98008C46F6 /* Info.plist */ = {isa = PBXFileReference; lastKnownFileType = text.plist.xml; path = Info.plist; sourceTree = "<group>"; };
		CEB5C61F1CBADC98008C46F6 /* beergglesUITests.xctest */ = {isa = PBXFileReference; explicitFileType = wrapper.cfbundle; includeInIndex = 0; path = beergglesUITests.xctest; sourceTree = BUILT_PRODUCTS_DIR; };
		CEB5C6231CBADC98008C46F6 /* beergglesUITests.swift */ = {isa = PBXFileReference; lastKnownFileType = sourcecode.swift; path = beergglesUITests.swift; sourceTree = "<group>"; };
		CEB5C6251CBADC98008C46F6 /* Info.plist */ = {isa = PBXFileReference; lastKnownFileType = text.plist.xml; path = Info.plist; sourceTree = "<group>"; };
/* End PBXFileReference section */

/* Begin PBXFrameworksBuildPhase section */
		CEB5C5FD1CBADC97008C46F6 /* Frameworks */ = {
			isa = PBXFrameworksBuildPhase;
			buildActionMask = 2147483647;
			files = (
			);
			runOnlyForDeploymentPostprocessing = 0;
		};
		CEB5C6111CBADC98008C46F6 /* Frameworks */ = {
			isa = PBXFrameworksBuildPhase;
			buildActionMask = 2147483647;
			files = (
			);
			runOnlyForDeploymentPostprocessing = 0;
		};
		CEB5C61C1CBADC98008C46F6 /* Frameworks */ = {
			isa = PBXFrameworksBuildPhase;
			buildActionMask = 2147483647;
			files = (
			);
			runOnlyForDeploymentPostprocessing = 0;
		};
/* End PBXFrameworksBuildPhase section */

/* Begin PBXGroup section */
		CE4303611CCF309300F11C84 /* util */ = {
			isa = PBXGroup;
			children = (
				CE4303621CCF30AC00F11C84 /* conveniences.swift */,
			);
			name = util;
			sourceTree = "<group>";
		};
		CE498F191CC09D2000CE340C /* ui */ = {
			isa = PBXGroup;
			children = (
				CE498F1A1CC09D6300CE340C /* BeerggleScaleButton.swift */,
			);
			name = ui;
			sourceTree = "<group>";
		};
		CEB5C5F71CBADC97008C46F6 = {
			isa = PBXGroup;
			children = (
				CEB5C6021CBADC98008C46F6 /* beerggles */,
				CEB5C6171CBADC98008C46F6 /* beergglesTests */,
				CEB5C6221CBADC98008C46F6 /* beergglesUITests */,
				CEB5C6011CBADC97008C46F6 /* Products */,
			);
			sourceTree = "<group>";
		};
		CEB5C6011CBADC97008C46F6 /* Products */ = {
			isa = PBXGroup;
			children = (
				CEB5C6001CBADC97008C46F6 /* beerggles.app */,
				CEB5C6141CBADC98008C46F6 /* beergglesTests.xctest */,
				CEB5C61F1CBADC98008C46F6 /* beergglesUITests.xctest */,
			);
			name = Products;
			sourceTree = "<group>";
		};
		CEB5C6021CBADC98008C46F6 /* beerggles */ = {
			isa = PBXGroup;
			children = (
				CE4303611CCF309300F11C84 /* util */,
				CE498F191CC09D2000CE340C /* ui */,
				CEB5C6031CBADC98008C46F6 /* AppDelegate.swift */,
				CEB5C6051CBADC98008C46F6 /* ViewController.swift */,
				CEB5C6071CBADC98008C46F6 /* Main.storyboard */,
				CEB5C60A1CBADC98008C46F6 /* Assets.xcassets */,
				CEB5C60C1CBADC98008C46F6 /* LaunchScreen.storyboard */,
				CEB5C60F1CBADC98008C46F6 /* Info.plist */,
			);
			path = beerggles;
			sourceTree = "<group>";
		};
		CEB5C6171CBADC98008C46F6 /* beergglesTests */ = {
			isa = PBXGroup;
			children = (
				CEB5C6181CBADC98008C46F6 /* beergglesTests.swift */,
				CEB5C61A1CBADC98008C46F6 /* Info.plist */,
			);
			path = beergglesTests;
			sourceTree = "<group>";
		};
		CEB5C6221CBADC98008C46F6 /* beergglesUITests */ = {
			isa = PBXGroup;
			children = (
				CEB5C6231CBADC98008C46F6 /* beergglesUITests.swift */,
				CEB5C6251CBADC98008C46F6 /* Info.plist */,
			);
			path = beergglesUITests;
			sourceTree = "<group>";
		};
/* End PBXGroup section */

/* Begin PBXNativeTarget section */
		CEB5C5FF1CBADC97008C46F6 /* beerggles */ = {
			isa = PBXNativeTarget;
			buildConfigurationList = CEB5C6281CBADC98008C46F6 /* Build configuration list for PBXNativeTarget "beerggles" */;
			buildPhases = (
				CEB5C5FC1CBADC97008C46F6 /* Sources */,
				CEB5C5FD1CBADC97008C46F6 /* Frameworks */,
				CEB5C5FE1CBADC97008C46F6 /* Resources */,
			);
			buildRules = (
			);
			dependencies = (
			);
			name = beerggles;
			productName = beerggles;
			productReference = CEB5C6001CBADC97008C46F6 /* beerggles.app */;
			productType = "com.apple.product-type.application";
		};
		CEB5C6131CBADC98008C46F6 /* beergglesTests */ = {
			isa = PBXNativeTarget;
			buildConfigurationList = CEB5C62B1CBADC98008C46F6 /* Build configuration list for PBXNativeTarget "beergglesTests" */;
			buildPhases = (
				CEB5C6101CBADC98008C46F6 /* Sources */,
				CEB5C6111CBADC98008C46F6 /* Frameworks */,
				CEB5C6121CBADC98008C46F6 /* Resources */,
			);
			buildRules = (
			);
			dependencies = (
				CEB5C6161CBADC98008C46F6 /* PBXTargetDependency */,
			);
			name = beergglesTests;
			productName = beergglesTests;
			productReference = CEB5C6141CBADC98008C46F6 /* beergglesTests.xctest */;
			productType = "com.apple.product-type.bundle.unit-test";
		};
		CEB5C61E1CBADC98008C46F6 /* beergglesUITests */ = {
			isa = PBXNativeTarget;
			buildConfigurationList = CEB5C62E1CBADC98008C46F6 /* Build configuration list for PBXNativeTarget "beergglesUITests" */;
			buildPhases = (
				CEB5C61B1CBADC98008C46F6 /* Sources */,
				CEB5C61C1CBADC98008C46F6 /* Frameworks */,
				CEB5C61D1CBADC98008C46F6 /* Resources */,
			);
			buildRules = (
			);
			dependencies = (
				CEB5C6211CBADC98008C46F6 /* PBXTargetDependency */,
			);
			name = beergglesUITests;
			productName = beergglesUITests;
			productReference = CEB5C61F1CBADC98008C46F6 /* beergglesUITests.xctest */;
			productType = "com.apple.product-type.bundle.ui-testing";
		};
/* End PBXNativeTarget section */

/* Begin PBXProject section */
		CEB5C5F81CBADC97008C46F6 /* Project object */ = {
			isa = PBXProject;
			attributes = {
				LastSwiftUpdateCheck = 0730;
				LastUpgradeCheck = 0730;
				TargetAttributes = {
					CEB5C5FF1CBADC97008C46F6 = {
						CreatedOnToolsVersion = 7.3;
						DevelopmentTeam = UM2P7H2ELW;
					};
					CEB5C6131CBADC98008C46F6 = {
						CreatedOnToolsVersion = 7.3;
						TestTargetID = CEB5C5FF1CBADC97008C46F6;
					};
					CEB5C61E1CBADC98008C46F6 = {
						CreatedOnToolsVersion = 7.3;
						TestTargetID = CEB5C5FF1CBADC97008C46F6;
					};
				};
			};
			buildConfigurationList = CEB5C5FB1CBADC97008C46F6 /* Build configuration list for PBXProject "beerggles" */;
			compatibilityVersion = "Xcode 3.2";
			developmentRegion = English;
			hasScannedForEncodings = 0;
			knownRegions = (
				en,
				Base,
			);
			mainGroup = CEB5C5F71CBADC97008C46F6;
			productRefGroup = CEB5C6011CBADC97008C46F6 /* Products */;
			projectDirPath = "";
			projectRoot = "";
			targets = (
				CEB5C5FF1CBADC97008C46F6 /* beerggles */,
				CEB5C6131CBADC98008C46F6 /* beergglesTests */,
				CEB5C61E1CBADC98008C46F6 /* beergglesUITests */,
			);
		};
/* End PBXProject section */

/* Begin PBXResourcesBuildPhase section */
		CEB5C5FE1CBADC97008C46F6 /* Resources */ = {
			isa = PBXResourcesBuildPhase;
			buildActionMask = 2147483647;
			files = (
				CEB5C60E1CBADC98008C46F6 /* LaunchScreen.storyboard in Resources */,
				CEB5C60B1CBADC98008C46F6 /* Assets.xcassets in Resources */,
				CEB5C6091CBADC98008C46F6 /* Main.storyboard in Resources */,
			);
			runOnlyForDeploymentPostprocessing = 0;
		};
		CEB5C6121CBADC98008C46F6 /* Resources */ = {
			isa = PBXResourcesBuildPhase;
			buildActionMask = 2147483647;
			files = (
			);
			runOnlyForDeploymentPostprocessing = 0;
		};
		CEB5C61D1CBADC98008C46F6 /* Resources */ = {
			isa = PBXResourcesBuildPhase;
			buildActionMask = 2147483647;
			files = (
			);
			runOnlyForDeploymentPostprocessing = 0;
		};
/* End PBXResourcesBuildPhase section */

/* Begin PBXSourcesBuildPhase section */
		CEB5C5FC1CBADC97008C46F6 /* Sources */ = {
			isa = PBXSourcesBuildPhase;
			buildActionMask = 2147483647;
			files = (
				CE498F1B1CC09D6300CE340C /* BeerggleScaleButton.swift in Sources */,
				CE4303631CCF30AC00F11C84 /* conveniences.swift in Sources */,
				CEB5C6061CBADC98008C46F6 /* ViewController.swift in Sources */,
				CEB5C6041CBADC98008C46F6 /* AppDelegate.swift in Sources */,
			);
			runOnlyForDeploymentPostprocessing = 0;
		};
		CEB5C6101CBADC98008C46F6 /* Sources */ = {
			isa = PBXSourcesBuildPhase;
			buildActionMask = 2147483647;
			files = (
				CEB5C6191CBADC98008C46F6 /* beergglesTests.swift in Sources */,
			);
			runOnlyForDeploymentPostprocessing = 0;
		};
		CEB5C61B1CBADC98008C46F6 /* Sources */ = {
			isa = PBXSourcesBuildPhase;
			buildActionMask = 2147483647;
			files = (
				CEB5C6241CBADC98008C46F6 /* beergglesUITests.swift in Sources */,
			);
			runOnlyForDeploymentPostprocessing = 0;
		};
/* End PBXSourcesBuildPhase section */

/* Begin PBXTargetDependency section */
		CEB5C6161CBADC98008C46F6 /* PBXTargetDependency */ = {
			isa = PBXTargetDependency;
			target = CEB5C5FF1CBADC97008C46F6 /* beerggles */;
			targetProxy = CEB5C6151CBADC98008C46F6 /* PBXContainerItemProxy */;
		};
		CEB5C6211CBADC98008C46F6 /* PBXTargetDependency */ = {
			isa = PBXTargetDependency;
			target = CEB5C5FF1CBADC97008C46F6 /* beerggles */;
			targetProxy = CEB5C6201CBADC98008C46F6 /* PBXContainerItemProxy */;
		};
/* End PBXTargetDependency section */

/* Begin PBXVariantGroup section */
		CEB5C6071CBADC98008C46F6 /* Main.storyboard */ = {
			isa = PBXVariantGroup;
			children = (
				CEB5C6081CBADC98008C46F6 /* Base */,
			);
			name = Main.storyboard;
			sourceTree = "<group>";
		};
		CEB5C60C1CBADC98008C46F6 /* LaunchScreen.storyboard */ = {
			isa = PBXVariantGroup;
			children = (
				CEB5C60D1CBADC98008C46F6 /* Base */,
			);
			name = LaunchScreen.storyboard;
			sourceTree = "<group>";
		};
/* End PBXVariantGroup section */

/* Begin XCBuildConfiguration section */
		CEB5C6261CBADC98008C46F6 /* Debug */ = {
			isa = XCBuildConfiguration;
			buildSettings = {
				ALWAYS_SEARCH_USER_PATHS = NO;
				CLANG_ANALYZER_NONNULL = YES;
				CLANG_CXX_LANGUAGE_STANDARD = "gnu++0x";
				CLANG_CXX_LIBRARY = "libc++";
				CLANG_ENABLE_MODULES = YES;
				CLANG_ENABLE_OBJC_ARC = YES;
				CLANG_WARN_BOOL_CONVERSION = YES;
				CLANG_WARN_CONSTANT_CONVERSION = YES;
				CLANG_WARN_DIRECT_OBJC_ISA_USAGE = YES_ERROR;
				CLANG_WARN_EMPTY_BODY = YES;
				CLANG_WARN_ENUM_CONVERSION = YES;
				CLANG_WARN_INT_CONVERSION = YES;
				CLANG_WARN_OBJC_ROOT_CLASS = YES_ERROR;
				CLANG_WARN_UNREACHABLE_CODE = YES;
				CLANG_WARN__DUPLICATE_METHOD_MATCH = YES;
				"CODE_SIGN_IDENTITY[sdk=iphoneos*]" = "iPhone Developer";
				COPY_PHASE_STRIP = NO;
				DEBUG_INFORMATION_FORMAT = dwarf;
				ENABLE_STRICT_OBJC_MSGSEND = YES;
				ENABLE_TESTABILITY = YES;
				GCC_C_LANGUAGE_STANDARD = gnu99;
				GCC_DYNAMIC_NO_PIC = NO;
				GCC_NO_COMMON_BLOCKS = YES;
				GCC_OPTIMIZATION_LEVEL = 0;
				GCC_PREPROCESSOR_DEFINITIONS = (
					"DEBUG=1",
					"$(inherited)",
				);
				GCC_WARN_64_TO_32_BIT_CONVERSION = YES;
				GCC_WARN_ABOUT_RETURN_TYPE = YES_ERROR;
				GCC_WARN_UNDECLARED_SELECTOR = YES;
				GCC_WARN_UNINITIALIZED_AUTOS = YES_AGGRESSIVE;
				GCC_WARN_UNUSED_FUNCTION = YES;
				GCC_WARN_UNUSED_VARIABLE = YES;
				IPHONEOS_DEPLOYMENT_TARGET = 9.3;
				MTL_ENABLE_DEBUG_INFO = YES;
				ONLY_ACTIVE_ARCH = YES;
				SDKROOT = iphoneos;
				SWIFT_OPTIMIZATION_LEVEL = "-Onone";
				TARGETED_DEVICE_FAMILY = "1,2";
			};
			name = Debug;
		};
		CEB5C6271CBADC98008C46F6 /* Release */ = {
			isa = XCBuildConfiguration;
			buildSettings = {
				ALWAYS_SEARCH_USER_PATHS = NO;
				CLANG_ANALYZER_NONNULL = YES;
				CLANG_CXX_LANGUAGE_STANDARD = "gnu++0x";
				CLANG_CXX_LIBRARY = "libc++";
				CLANG_ENABLE_MODULES = YES;
				CLANG_ENABLE_OBJC_ARC = YES;
				CLANG_WARN_BOOL_CONVERSION = YES;
				CLANG_WARN_CONSTANT_CONVERSION = YES;
				CLANG_WARN_DIRECT_OBJC_ISA_USAGE = YES_ERROR;
				CLANG_WARN_EMPTY_BODY = YES;
				CLANG_WARN_ENUM_CONVERSION = YES;
				CLANG_WARN_INT_CONVERSION = YES;
				CLANG_WARN_OBJC_ROOT_CLASS = YES_ERROR;
				CLANG_WARN_UNREACHABLE_CODE = YES;
				CLANG_WARN__DUPLICATE_METHOD_MATCH = YES;
				"CODE_SIGN_IDENTITY[sdk=iphoneos*]" = "iPhone Developer";
				COPY_PHASE_STRIP = NO;
				DEBUG_INFORMATION_FORMAT = "dwarf-with-dsym";
				ENABLE_NS_ASSERTIONS = NO;
				ENABLE_STRICT_OBJC_MSGSEND = YES;
				GCC_C_LANGUAGE_STANDARD = gnu99;
				GCC_NO_COMMON_BLOCKS = YES;
				GCC_WARN_64_TO_32_BIT_CONVERSION = YES;
				GCC_WARN_ABOUT_RETURN_TYPE = YES_ERROR;
				GCC_WARN_UNDECLARED_SELECTOR = YES;
				GCC_WARN_UNINITIALIZED_AUTOS = YES_AGGRESSIVE;
				GCC_WARN_UNUSED_FUNCTION = YES;
				GCC_WARN_UNUSED_VARIABLE = YES;
				IPHONEOS_DEPLOYMENT_TARGET = 9.3;
				MTL_ENABLE_DEBUG_INFO = NO;
				SDKROOT = iphoneos;
				TARGETED_DEVICE_FAMILY = "1,2";
				VALIDATE_PRODUCT = YES;
			};
			name = Release;
		};
		CEB5C6291CBADC98008C46F6 /* Debug */ = {
			isa = XCBuildConfiguration;
			buildSettings = {
				ASSETCATALOG_COMPILER_APPICON_NAME = AppIcon;
				CODE_SIGN_IDENTITY = "iPhone Developer";
				"CODE_SIGN_IDENTITY[sdk=iphoneos*]" = "iPhone Developer";
				INFOPLIST_FILE = beerggles/Info.plist;
				IPHONEOS_DEPLOYMENT_TARGET = 8.4;
				LD_RUNPATH_SEARCH_PATHS = "$(inherited) @executable_path/Frameworks";
				PRODUCT_BUNDLE_IDENTIFIER = co.jtsai.beerggles;
				PRODUCT_NAME = "$(TARGET_NAME)";
				PROVISIONING_PROFILE = "";
			};
			name = Debug;
		};
		CEB5C62A1CBADC98008C46F6 /* Release */ = {
			isa = XCBuildConfiguration;
			buildSettings = {
				ASSETCATALOG_COMPILER_APPICON_NAME = AppIcon;
				CODE_SIGN_IDENTITY = "iPhone Developer";
				"CODE_SIGN_IDENTITY[sdk=iphoneos*]" = "iPhone Developer";
				INFOPLIST_FILE = beerggles/Info.plist;
				IPHONEOS_DEPLOYMENT_TARGET = 8.4;
				LD_RUNPATH_SEARCH_PATHS = "$(inherited) @executable_path/Frameworks";
				PRODUCT_BUNDLE_IDENTIFIER = co.jtsai.beerggles;
				PRODUCT_NAME = "$(TARGET_NAME)";
				PROVISIONING_PROFILE = "";
			};
			name = Release;
		};
		CEB5C62C1CBADC98008C46F6 /* Debug */ = {
			isa = XCBuildConfiguration;
			buildSettings = {
				BUNDLE_LOADER = "$(TEST_HOST)";
				INFOPLIST_FILE = beergglesTests/Info.plist;
				LD_RUNPATH_SEARCH_PATHS = "$(inherited) @executable_path/Frameworks @loader_path/Frameworks";
				PRODUCT_BUNDLE_IDENTIFIER = com.jtsai.beergglesTests;
				PRODUCT_NAME = "$(TARGET_NAME)";
				TEST_HOST = "$(BUILT_PRODUCTS_DIR)/beerggles.app/beerggles";
			};
			name = Debug;
		};
		CEB5C62D1CBADC98008C46F6 /* Release */ = {
			isa = XCBuildConfiguration;
			buildSettings = {
				BUNDLE_LOADER = "$(TEST_HOST)";
				INFOPLIST_FILE = beergglesTests/Info.plist;
				LD_RUNPATH_SEARCH_PATHS = "$(inherited) @executable_path/Frameworks @loader_path/Frameworks";
				PRODUCT_BUNDLE_IDENTIFIER = com.jtsai.beergglesTests;
				PRODUCT_NAME = "$(TARGET_NAME)";
				TEST_HOST = "$(BUILT_PRODUCTS_DIR)/beerggles.app/beerggles";
			};
			name = Release;
		};
		CEB5C62F1CBADC98008C46F6 /* Debug */ = {
			isa = XCBuildConfiguration;
			buildSettings = {
				INFOPLIST_FILE = beergglesUITests/Info.plist;
				LD_RUNPATH_SEARCH_PATHS = "$(inherited) @executable_path/Frameworks @loader_path/Frameworks";
				PRODUCT_BUNDLE_IDENTIFIER = com.jtsai.beergglesUITests;
				PRODUCT_NAME = "$(TARGET_NAME)";
				TEST_TARGET_NAME = beerggles;
			};
			name = Debug;
		};
		CEB5C6301CBADC98008C46F6 /* Release */ = {
			isa = XCBuildConfiguration;
			buildSettings = {
				INFOPLIST_FILE = beergglesUITests/Info.plist;
				LD_RUNPATH_SEARCH_PATHS = "$(inherited) @executable_path/Frameworks @loader_path/Frameworks";
				PRODUCT_BUNDLE_IDENTIFIER = com.jtsai.beergglesUITests;
				PRODUCT_NAME = "$(TARGET_NAME)";
				TEST_TARGET_NAME = beerggles;
			};
			name = Release;
		};
/* End XCBuildConfiguration section */

/* Begin XCConfigurationList section */
		CEB5C5FB1CBADC97008C46F6 /* Build configuration list for PBXProject "beerggles" */ = {
			isa = XCConfigurationList;
			buildConfigurations = (
				CEB5C6261CBADC98008C46F6 /* Debug */,
				CEB5C6271CBADC98008C46F6 /* Release */,
			);
			defaultConfigurationIsVisible = 0;
			defaultConfigurationName = Release;
		};
		CEB5C6281CBADC98008C46F6 /* Build configuration list for PBXNativeTarget "beerggles" */ = {
			isa = XCConfigurationList;
			buildConfigurations = (
				CEB5C6291CBADC98008C46F6 /* Debug */,
				CEB5C62A1CBADC98008C46F6 /* Release */,
			);
			defaultConfigurationIsVisible = 0;
			defaultConfigurationName = Release;
		};
		CEB5C62B1CBADC98008C46F6 /* Build configuration list for PBXNativeTarget "beergglesTests" */ = {
			isa = XCConfigurationList;
			buildConfigurations = (
				CEB5C62C1CBADC98008C46F6 /* Debug */,
				CEB5C62D1CBADC98008C46F6 /* Release */,
			);
			defaultConfigurationIsVisible = 0;
			defaultConfigurationName = Release;
		};
		CEB5C62E1CBADC98008C46F6 /* Build configuration list for PBXNativeTarget "beergglesUITests" */ = {
			isa = XCConfigurationList;
			buildConfigurations = (
				CEB5C62F1CBADC98008C46F6 /* Debug */,
				CEB5C6301CBADC98008C46F6 /* Release */,
			);
			defaultConfigurationIsVisible = 0;
			defaultConfigurationName = Release;
		};
/* End XCConfigurationList section */
	};
	rootObject = CEB5C5F81CBADC97008C46F6 /* Project object */;
}
